// !$*UTF8*$!
{
	archiveVersion = 1;
	classes = {
	};
	objectVersion = 56;
	objects = {

/* Begin PBXBuildFile section */
		66C00F3D531AC0D716AA6750 /* Pods_LikeTikTok.framework in Frameworks */ = {isa = PBXBuildFile; fileRef = BF0026F151C177D94025AC97 /* Pods_LikeTikTok.framework */; };
		9A2E801F29CB428F00AC6CC1 /* AppDelegate.swift in Sources */ = {isa = PBXBuildFile; fileRef = 9A2E801E29CB428F00AC6CC1 /* AppDelegate.swift */; };
		9A2E802129CB428F00AC6CC1 /* SceneDelegate.swift in Sources */ = {isa = PBXBuildFile; fileRef = 9A2E802029CB428F00AC6CC1 /* SceneDelegate.swift */; };
		9A2E802329CB428F00AC6CC1 /* ViewController.swift in Sources */ = {isa = PBXBuildFile; fileRef = 9A2E802229CB428F00AC6CC1 /* ViewController.swift */; };
		9A2E802629CB428F00AC6CC1 /* Main.storyboard in Resources */ = {isa = PBXBuildFile; fileRef = 9A2E802429CB428F00AC6CC1 /* Main.storyboard */; };
		9A2E802829CB429600AC6CC1 /* Assets.xcassets in Resources */ = {isa = PBXBuildFile; fileRef = 9A2E802729CB429600AC6CC1 /* Assets.xcassets */; };
		9A2E802B29CB429600AC6CC1 /* LaunchScreen.storyboard in Resources */ = {isa = PBXBuildFile; fileRef = 9A2E802929CB429600AC6CC1 /* LaunchScreen.storyboard */; };
		9A2E803329CB7E7700AC6CC1 /* VideoTableViewCell.swift in Sources */ = {isa = PBXBuildFile; fileRef = 9A2E803229CB7E7700AC6CC1 /* VideoTableViewCell.swift */; };
/* End PBXBuildFile section */

/* Begin PBXFileReference section */
		195A6968DAC6B3C4E939B1E0 /* Pods-LikeTikTok.debug.xcconfig */ = {isa = PBXFileReference; includeInIndex = 1; lastKnownFileType = text.xcconfig; name = "Pods-LikeTikTok.debug.xcconfig"; path = "Target Support Files/Pods-LikeTikTok/Pods-LikeTikTok.debug.xcconfig"; sourceTree = "<group>"; };
		4B56C833F31175A50056DD64 /* Pods-LikeTikTok.release.xcconfig */ = {isa = PBXFileReference; includeInIndex = 1; lastKnownFileType = text.xcconfig; name = "Pods-LikeTikTok.release.xcconfig"; path = "Target Support Files/Pods-LikeTikTok/Pods-LikeTikTok.release.xcconfig"; sourceTree = "<group>"; };
		9A2E801B29CB428F00AC6CC1 /* LikeTikTok.app */ = {isa = PBXFileReference; explicitFileType = wrapper.application; includeInIndex = 0; path = LikeTikTok.app; sourceTree = BUILT_PRODUCTS_DIR; };
		9A2E801E29CB428F00AC6CC1 /* AppDelegate.swift */ = {isa = PBXFileReference; lastKnownFileType = sourcecode.swift; path = AppDelegate.swift; sourceTree = "<group>"; };
		9A2E802029CB428F00AC6CC1 /* SceneDelegate.swift */ = {isa = PBXFileReference; lastKnownFileType = sourcecode.swift; path = SceneDelegate.swift; sourceTree = "<group>"; };
		9A2E802229CB428F00AC6CC1 /* ViewController.swift */ = {isa = PBXFileReference; lastKnownFileType = sourcecode.swift; path = ViewController.swift; sourceTree = "<group>"; };
		9A2E802529CB428F00AC6CC1 /* Base */ = {isa = PBXFileReference; lastKnownFileType = file.storyboard; name = Base; path = Base.lproj/Main.storyboard; sourceTree = "<group>"; };
		9A2E802729CB429600AC6CC1 /* Assets.xcassets */ = {isa = PBXFileReference; lastKnownFileType = folder.assetcatalog; path = Assets.xcassets; sourceTree = "<group>"; };
		9A2E802A29CB429600AC6CC1 /* Base */ = {isa = PBXFileReference; lastKnownFileType = file.storyboard; name = Base; path = Base.lproj/LaunchScreen.storyboard; sourceTree = "<group>"; };
		9A2E802C29CB429600AC6CC1 /* Info.plist */ = {isa = PBXFileReference; lastKnownFileType = text.plist.xml; path = Info.plist; sourceTree = "<group>"; };
		9A2E803229CB7E7700AC6CC1 /* VideoTableViewCell.swift */ = {isa = PBXFileReference; lastKnownFileType = sourcecode.swift; path = VideoTableViewCell.swift; sourceTree = "<group>"; };
		BF0026F151C177D94025AC97 /* Pods_LikeTikTok.framework */ = {isa = PBXFileReference; explicitFileType = wrapper.framework; includeInIndex = 0; path = Pods_LikeTikTok.framework; sourceTree = BUILT_PRODUCTS_DIR; };
/* End PBXFileReference section */

/* Begin PBXFrameworksBuildPhase section */
		9A2E801829CB428F00AC6CC1 /* Frameworks */ = {
			isa = PBXFrameworksBuildPhase;
			buildActionMask = 2147483647;
			files = (
				66C00F3D531AC0D716AA6750 /* Pods_LikeTikTok.framework in Frameworks */,
			);
			runOnlyForDeploymentPostprocessing = 0;
		};
/* End PBXFrameworksBuildPhase section */

/* Begin PBXGroup section */
		0EA204E461D21DA03CFB7C0C /* Pods */ = {
			isa = PBXGroup;
			children = (
				195A6968DAC6B3C4E939B1E0 /* Pods-LikeTikTok.debug.xcconfig */,
				4B56C833F31175A50056DD64 /* Pods-LikeTikTok.release.xcconfig */,
			);
			path = Pods;
			sourceTree = "<group>";
		};
		9A2E801229CB428F00AC6CC1 = {
			isa = PBXGroup;
			children = (
				9A2E801D29CB428F00AC6CC1 /* LikeTikTok */,
				9A2E801C29CB428F00AC6CC1 /* Products */,
				0EA204E461D21DA03CFB7C0C /* Pods */,
				B1FC986F1B01712D938722D7 /* Frameworks */,
			);
			sourceTree = "<group>";
		};
		9A2E801C29CB428F00AC6CC1 /* Products */ = {
			isa = PBXGroup;
			children = (
				9A2E801B29CB428F00AC6CC1 /* LikeTikTok.app */,
			);
			name = Products;
			sourceTree = "<group>";
		};
		9A2E801D29CB428F00AC6CC1 /* LikeTikTok */ = {
			isa = PBXGroup;
			children = (
				9A2E801E29CB428F00AC6CC1 /* AppDelegate.swift */,
				9A2E802029CB428F00AC6CC1 /* SceneDelegate.swift */,
				9A2E802229CB428F00AC6CC1 /* ViewController.swift */,
				9A2E802429CB428F00AC6CC1 /* Main.storyboard */,
				9A2E802729CB429600AC6CC1 /* Assets.xcassets */,
				9A2E802929CB429600AC6CC1 /* LaunchScreen.storyboard */,
				9A2E802C29CB429600AC6CC1 /* Info.plist */,
				9A2E803229CB7E7700AC6CC1 /* VideoTableViewCell.swift */,
			);
			path = LikeTikTok;
			sourceTree = "<group>";
		};
		B1FC986F1B01712D938722D7 /* Frameworks */ = {
			isa = PBXGroup;
			children = (
				BF0026F151C177D94025AC97 /* Pods_LikeTikTok.framework */,
			);
			name = Frameworks;
			sourceTree = "<group>";
		};
/* End PBXGroup section */

/* Begin PBXNativeTarget section */
		9A2E801A29CB428F00AC6CC1 /* LikeTikTok */ = {
			isa = PBXNativeTarget;
			buildConfigurationList = 9A2E802F29CB429600AC6CC1 /* Build configuration list for PBXNativeTarget "LikeTikTok" */;
			buildPhases = (
				AC68F71AEF0157D74DAEDA15 /* [CP] Check Pods Manifest.lock */,
				9A2E801729CB428F00AC6CC1 /* Sources */,
				9A2E801829CB428F00AC6CC1 /* Frameworks */,
				9A2E801929CB428F00AC6CC1 /* Resources */,
				B483277A9279255822739CB2 /* [CP] Embed Pods Frameworks */,
			);
			buildRules = (
			);
			dependencies = (
			);
			name = LikeTikTok;
			productName = LikeTikTok;
			productReference = 9A2E801B29CB428F00AC6CC1 /* LikeTikTok.app */;
			productType = "com.apple.product-type.application";
		};
/* End PBXNativeTarget section */

/* Begin PBXProject section */
		9A2E801329CB428F00AC6CC1 /* Project object */ = {
			isa = PBXProject;
			attributes = {
				BuildIndependentTargetsInParallel = 1;
				LastSwiftUpdateCheck = 1420;
				LastUpgradeCheck = 1420;
				TargetAttributes = {
					9A2E801A29CB428F00AC6CC1 = {
						CreatedOnToolsVersion = 14.2;
					};
				};
			};
			buildConfigurationList = 9A2E801629CB428F00AC6CC1 /* Build configuration list for PBXProject "LikeTikTok" */;
			compatibilityVersion = "Xcode 14.0";
			developmentRegion = en;
			hasScannedForEncodings = 0;
			knownRegions = (
				en,
				Base,
			);
			mainGroup = 9A2E801229CB428F00AC6CC1;
			productRefGroup = 9A2E801C29CB428F00AC6CC1 /* Products */;
			projectDirPath = "";
			projectRoot = "";
			targets = (
				9A2E801A29CB428F00AC6CC1 /* LikeTikTok */,
			);
		};
/* End PBXProject section */

/* Begin PBXResourcesBuildPhase section */
		9A2E801929CB428F00AC6CC1 /* Resources */ = {
			isa = PBXResourcesBuildPhase;
			buildActionMask = 2147483647;
			files = (
				9A2E802B29CB429600AC6CC1 /* LaunchScreen.storyboard in Resources */,
				9A2E802829CB429600AC6CC1 /* Assets.xcassets in Resources */,
				9A2E802629CB428F00AC6CC1 /* Main.storyboard in Resources */,
			);
			runOnlyForDeploymentPostprocessing = 0;
		};
/* End PBXResourcesBuildPhase section */

/* Begin PBXShellScriptBuildPhase section */
		AC68F71AEF0157D74DAEDA15 /* [CP] Check Pods Manifest.lock */ = {
			isa = PBXShellScriptBuildPhase;
			buildActionMask = 2147483647;
			files = (
			);
			inputFileListPaths = (
			);
			inputPaths = (
				"${PODS_PODFILE_DIR_PATH}/Podfile.lock",
				"${PODS_ROOT}/Manifest.lock",
			);
			name = "[CP] Check Pods Manifest.lock";
			outputFileListPaths = (
			);
			outputPaths = (
				"$(DERIVED_FILE_DIR)/Pods-LikeTikTok-checkManifestLockResult.txt",
			);
			runOnlyForDeploymentPostprocessing = 0;
			shellPath = /bin/sh;
			shellScript = "diff \"${PODS_PODFILE_DIR_PATH}/Podfile.lock\" \"${PODS_ROOT}/Manifest.lock\" > /dev/null\nif [ $? != 0 ] ; then\n    # print error to STDERR\n    echo \"error: The sandbox is not in sync with the Podfile.lock. Run 'pod install' or update your CocoaPods installation.\" >&2\n    exit 1\nfi\n# This output is used by Xcode 'outputs' to avoid re-running this script phase.\necho \"SUCCESS\" > \"${SCRIPT_OUTPUT_FILE_0}\"\n";
			showEnvVarsInLog = 0;
		};
		B483277A9279255822739CB2 /* [CP] Embed Pods Frameworks */ = {
			isa = PBXShellScriptBuildPhase;
			buildActionMask = 2147483647;
			files = (
			);
			inputFileListPaths = (
				"${PODS_ROOT}/Target Support Files/Pods-LikeTikTok/Pods-LikeTikTok-frameworks-${CONFIGURATION}-input-files.xcfilelist",
			);
			name = "[CP] Embed Pods Frameworks";
			outputFileListPaths = (
				"${PODS_ROOT}/Target Support Files/Pods-LikeTikTok/Pods-LikeTikTok-frameworks-${CONFIGURATION}-output-files.xcfilelist",
			);
			runOnlyForDeploymentPostprocessing = 0;
			shellPath = /bin/sh;
			shellScript = "\"${PODS_ROOT}/Target Support Files/Pods-LikeTikTok/Pods-LikeTikTok-frameworks.sh\"\n";
			showEnvVarsInLog = 0;
		};
/* End PBXShellScriptBuildPhase section */

/* Begin PBXSourcesBuildPhase section */
		9A2E801729CB428F00AC6CC1 /* Sources */ = {
			isa = PBXSourcesBuildPhase;
			buildActionMask = 2147483647;
			files = (
				9A2E802329CB428F00AC6CC1 /* ViewController.swift in Sources */,
				9A2E803329CB7E7700AC6CC1 /* VideoTableViewCell.swift in Sources */,
				9A2E801F29CB428F00AC6CC1 /* AppDelegate.swift in Sources */,
				9A2E802129CB428F00AC6CC1 /* SceneDelegate.swift in Sources */,
			);
			runOnlyForDeploymentPostprocessing = 0;
		};
/* End PBXSourcesBuildPhase section */

/* Begin PBXVariantGroup section */
		9A2E802429CB428F00AC6CC1 /* Main.storyboard */ = {
			isa = PBXVariantGroup;
			children = (
				9A2E802529CB428F00AC6CC1 /* Base */,
			);
			name = Main.storyboard;
			sourceTree = "<group>";
		};
		9A2E802929CB429600AC6CC1 /* LaunchScreen.storyboard */ = {
			isa = PBXVariantGroup;
			children = (
				9A2E802A29CB429600AC6CC1 /* Base */,
			);
			name = LaunchScreen.storyboard;
			sourceTree = "<group>";
		};
/* End PBXVariantGroup section */

/* Begin XCBuildConfiguration section */
		9A2E802D29CB429600AC6CC1 /* Debug */ = {
			isa = XCBuildConfiguration;
			buildSettings = {
				ALWAYS_SEARCH_USER_PATHS = NO;
				CLANG_ANALYZER_NONNULL = YES;
				CLANG_ANALYZER_NUMBER_OBJECT_CONVERSION = YES_AGGRESSIVE;
				CLANG_CXX_LANGUAGE_STANDARD = "gnu++20";
				CLANG_ENABLE_MODULES = YES;
				CLANG_ENABLE_OBJC_ARC = YES;
				CLANG_ENABLE_OBJC_WEAK = YES;
				CLANG_WARN_BLOCK_CAPTURE_AUTORELEASING = YES;
				CLANG_WARN_BOOL_CONVERSION = YES;
				CLANG_WARN_COMMA = YES;
				CLANG_WARN_CONSTANT_CONVERSION = YES;
				CLANG_WARN_DEPRECATED_OBJC_IMPLEMENTATIONS = YES;
				CLANG_WARN_DIRECT_OBJC_ISA_USAGE = YES_ERROR;
				CLANG_WARN_DOCUMENTATION_COMMENTS = YES;
				CLANG_WARN_EMPTY_BODY = YES;
				CLANG_WARN_ENUM_CONVERSION = YES;
				CLANG_WARN_INFINITE_RECURSION = YES;
				CLANG_WARN_INT_CONVERSION = YES;
				CLANG_WARN_NON_LITERAL_NULL_CONVERSION = YES;
				CLANG_WARN_OBJC_IMPLICIT_RETAIN_SELF = YES;
				CLANG_WARN_OBJC_LITERAL_CONVERSION = YES;
				CLANG_WARN_OBJC_ROOT_CLASS = YES_ERROR;
				CLANG_WARN_QUOTED_INCLUDE_IN_FRAMEWORK_HEADER = YES;
				CLANG_WARN_RANGE_LOOP_ANALYSIS = YES;
				CLANG_WARN_STRICT_PROTOTYPES = YES;
				CLANG_WARN_SUSPICIOUS_MOVE = YES;
				CLANG_WARN_UNGUARDED_AVAILABILITY = YES_AGGRESSIVE;
				CLANG_WARN_UNREACHABLE_CODE = YES;
				CLANG_WARN__DUPLICATE_METHOD_MATCH = YES;
				COPY_PHASE_STRIP = NO;
				DEBUG_INFORMATION_FORMAT = dwarf;
				ENABLE_STRICT_OBJC_MSGSEND = YES;
				ENABLE_TESTABILITY = YES;
				GCC_C_LANGUAGE_STANDARD = gnu11;
				GCC_DYNAMIC_NO_PIC = NO;
				GCC_NO_COMMON_BLOCKS = YES;
				GCC_OPTIMIZATION_LEVEL = 0;
				GCC_PREPROCESSOR_DEFINITIONS = (
					"DEBUG=1",
					"$(inherited)",
				);
				GCC_WARN_64_TO_32_BIT_CONVERSION = YES;
				GCC_WARN_ABOUT_RETURN_TYPE = YES_ERROR;
				GCC_WARN_UNDECLARED_SELECTOR = YES;
				GCC_WARN_UNINITIALIZED_AUTOS = YES_AGGRESSIVE;
				GCC_WARN_UNUSED_FUNCTION = YES;
				GCC_WARN_UNUSED_VARIABLE = YES;
				IPHONEOS_DEPLOYMENT_TARGET = 16.2;
				MTL_ENABLE_DEBUG_INFO = INCLUDE_SOURCE;
				MTL_FAST_MATH = YES;
				ONLY_ACTIVE_ARCH = YES;
				SDKROOT = iphoneos;
				SWIFT_ACTIVE_COMPILATION_CONDITIONS = DEBUG;
				SWIFT_OPTIMIZATION_LEVEL = "-Onone";
			};
			name = Debug;
		};
		9A2E802E29CB429600AC6CC1 /* Release */ = {
			isa = XCBuildConfiguration;
			buildSettings = {
				ALWAYS_SEARCH_USER_PATHS = NO;
				CLANG_ANALYZER_NONNULL = YES;
				CLANG_ANALYZER_NUMBER_OBJECT_CONVERSION = YES_AGGRESSIVE;
				CLANG_CXX_LANGUAGE_STANDARD = "gnu++20";
				CLANG_ENABLE_MODULES = YES;
				CLANG_ENABLE_OBJC_ARC = YES;
				CLANG_ENABLE_OBJC_WEAK = YES;
				CLANG_WARN_BLOCK_CAPTURE_AUTORELEASING = YES;
				CLANG_WARN_BOOL_CONVERSION = YES;
				CLANG_WARN_COMMA = YES;
				CLANG_WARN_CONSTANT_CONVERSION = YES;
				CLANG_WARN_DEPRECATED_OBJC_IMPLEMENTATIONS = YES;
				CLANG_WARN_DIRECT_OBJC_ISA_USAGE = YES_ERROR;
				CLANG_WARN_DOCUMENTATION_COMMENTS = YES;
				CLANG_WARN_EMPTY_BODY = YES;
				CLANG_WARN_ENUM_CONVERSION = YES;
				CLANG_WARN_INFINITE_RECURSION = YES;
				CLANG_WARN_INT_CONVERSION = YES;
				CLANG_WARN_NON_LITERAL_NULL_CONVERSION = YES;
				CLANG_WARN_OBJC_IMPLICIT_RETAIN_SELF = YES;
				CLANG_WARN_OBJC_LITERAL_CONVERSION = YES;
				CLANG_WARN_OBJC_ROOT_CLASS = YES_ERROR;
				CLANG_WARN_QUOTED_INCLUDE_IN_FRAMEWORK_HEADER = YES;
				CLANG_WARN_RANGE_LOOP_ANALYSIS = YES;
				CLANG_WARN_STRICT_PROTOTYPES = YES;
				CLANG_WARN_SUSPICIOUS_MOVE = YES;
				CLANG_WARN_UNGUARDED_AVAILABILITY = YES_AGGRESSIVE;
				CLANG_WARN_UNREACHABLE_CODE = YES;
				CLANG_WARN__DUPLICATE_METHOD_MATCH = YES;
				COPY_PHASE_STRIP = NO;
				DEBUG_INFORMATION_FORMAT = "dwarf-with-dsym";
				ENABLE_NS_ASSERTIONS = NO;
				ENABLE_STRICT_OBJC_MSGSEND = YES;
				GCC_C_LANGUAGE_STANDARD = gnu11;
				GCC_NO_COMMON_BLOCKS = YES;
				GCC_WARN_64_TO_32_BIT_CONVERSION = YES;
				GCC_WARN_ABOUT_RETURN_TYPE = YES_ERROR;
				GCC_WARN_UNDECLARED_SELECTOR = YES;
				GCC_WARN_UNINITIALIZED_AUTOS = YES_AGGRESSIVE;
				GCC_WARN_UNUSED_FUNCTION = YES;
				GCC_WARN_UNUSED_VARIABLE = YES;
				IPHONEOS_DEPLOYMENT_TARGET = 16.2;
				MTL_ENABLE_DEBUG_INFO = NO;
				MTL_FAST_MATH = YES;
				SDKROOT = iphoneos;
				SWIFT_COMPILATION_MODE = wholemodule;
				SWIFT_OPTIMIZATION_LEVEL = "-O";
				VALIDATE_PRODUCT = YES;
			};
			name = Release;
		};
		9A2E803029CB429600AC6CC1 /* Debug */ = {
			isa = XCBuildConfiguration;
			baseConfigurationReference = 195A6968DAC6B3C4E939B1E0 /* Pods-LikeTikTok.debug.xcconfig */;
			buildSettings = {
				ASSETCATALOG_COMPILER_APPICON_NAME = AppIcon;
				ASSETCATALOG_COMPILER_GLOBAL_ACCENT_COLOR_NAME = AccentColor;
				CODE_SIGN_STYLE = Automatic;
				CURRENT_PROJECT_VERSION = 1;
				DEVELOPMENT_TEAM = 8F895HZ77T;
				GENERATE_INFOPLIST_FILE = YES;
				INFOPLIST_FILE = LikeTikTok/Info.plist;
				INFOPLIST_KEY_UIApplicationSupportsIndirectInputEvents = YES;
				INFOPLIST_KEY_UILaunchStoryboardName = LaunchScreen;
				INFOPLIST_KEY_UIMainStoryboardFile = Main;
				INFOPLIST_KEY_UISupportedInterfaceOrientations_iPad = "UIInterfaceOrientationPortrait UIInterfaceOrientationPortraitUpsideDown UIInterfaceOrientationLandscapeLeft UIInterfaceOrientationLandscapeRight";
				INFOPLIST_KEY_UISupportedInterfaceOrientations_iPhone = "UIInterfaceOrientationPortrait UIInterfaceOrientationLandscapeLeft UIInterfaceOrientationLandscapeRight";
				LD_RUNPATH_SEARCH_PATHS = (
					"$(inherited)",
					"@executable_path/Frameworks",
				);
				MARKETING_VERSION = 1.0;
				PRODUCT_BUNDLE_IDENTIFIER = co.polinasmirnova.LikeTikTok;
				PRODUCT_NAME = "$(TARGET_NAME)";
				SWIFT_EMIT_LOC_STRINGS = YES;
				SWIFT_VERSION = 5.0;
				TARGETED_DEVICE_FAMILY = "1,2";
			};
			name = Debug;
		};
		9A2E803129CB429600AC6CC1 /* Release */ = {
			isa = XCBuildConfiguration;
			baseConfigurationReference = 4B56C833F31175A50056DD64 /* Pods-LikeTikTok.release.xcconfig */;
			buildSettings = {
				ASSETCATALOG_COMPILER_APPICON_NAME = AppIcon;
				ASSETCATALOG_COMPILER_GLOBAL_ACCENT_COLOR_NAME = AccentColor;
				CODE_SIGN_STYLE = Automatic;
				CURRENT_PROJECT_VERSION = 1;
				DEVELOPMENT_TEAM = 8F895HZ77T;
				GENERATE_INFOPLIST_FILE = YES;
				INFOPLIST_FILE = LikeTikTok/Info.plist;
				INFOPLIST_KEY_UIApplicationSupportsIndirectInputEvents = YES;
				INFOPLIST_KEY_UILaunchStoryboardName = LaunchScreen;
				INFOPLIST_KEY_UIMainStoryboardFile = Main;
				INFOPLIST_KEY_UISupportedInterfaceOrientations_iPad = "UIInterfaceOrientationPortrait UIInterfaceOrientationPortraitUpsideDown UIInterfaceOrientationLandscapeLeft UIInterfaceOrientationLandscapeRight";
				INFOPLIST_KEY_UISupportedInterfaceOrientations_iPhone = "UIInterfaceOrientationPortrait UIInterfaceOrientationLandscapeLeft UIInterfaceOrientationLandscapeRight";
				LD_RUNPATH_SEARCH_PATHS = (
					"$(inherited)",
					"@executable_path/Frameworks",
				);
				MARKETING_VERSION = 1.0;
				PRODUCT_BUNDLE_IDENTIFIER = co.polinasmirnova.LikeTikTok;
				PRODUCT_NAME = "$(TARGET_NAME)";
				SWIFT_EMIT_LOC_STRINGS = YES;
				SWIFT_VERSION = 5.0;
				TARGETED_DEVICE_FAMILY = "1,2";
			};
			name = Release;
		};
/* End XCBuildConfiguration section */

/* Begin XCConfigurationList section */
		9A2E801629CB428F00AC6CC1 /* Build configuration list for PBXProject "LikeTikTok" */ = {
			isa = XCConfigurationList;
			buildConfigurations = (
				9A2E802D29CB429600AC6CC1 /* Debug */,
				9A2E802E29CB429600AC6CC1 /* Release */,
			);
			defaultConfigurationIsVisible = 0;
			defaultConfigurationName = Release;
		};
		9A2E802F29CB429600AC6CC1 /* Build configuration list for PBXNativeTarget "LikeTikTok" */ = {
			isa = XCConfigurationList;
			buildConfigurations = (
				9A2E803029CB429600AC6CC1 /* Debug */,
				9A2E803129CB429600AC6CC1 /* Release */,
			);
			defaultConfigurationIsVisible = 0;
			defaultConfigurationName = Release;
		};
/* End XCConfigurationList section */
	};
	rootObject = 9A2E801329CB428F00AC6CC1 /* Project object */;
}
